
Microsoft Visual Studio Solution File, Format Version 12.00
# Visual Studio Version 16
VisualStudioVersion = 16.0.31005.135
MinimumVisualStudioVersion = 10.0.40219.1
Project("{FAE04EC0-301F-11D3-BF4B-00C04F79EFBC}") = "Es03_DBMSFunction", "Es03_DBMSFunction\Es03_DBMSFunction.csproj", "{559F6034-DD8F-4560-84D9-94FCD866D30D}"
EndProject
Global
	GlobalSection(SolutionConfigurationPlatforms) = preSolution
		Debug|Any CPU = Debug|Any CPU
		Release|Any CPU = Release|Any CPU
	EndGlobalSection
	GlobalSection(ProjectConfigurationPlatforms) = postSolution
		{559F6034-DD8F-4560-84D9-94FCD866D30D}.Debug|Any CPU.ActiveCfg = Debug|Any CPU
		{559F6034-DD8F-4560-84D9-94FCD866D30D}.Debug|Any CPU.Build.0 = Debug|Any CPU
		{559F6034-DD8F-4560-84D9-94FCD866D30D}.Release|Any CPU.ActiveCfg = Release|Any CPU
		{559F6034-DD8F-4560-84D9-94FCD866D30D}.Release|Any CPU.Build.0 = Release|Any CPU
	EndGlobalSection
	GlobalSection(SolutionProperties) = preSolution
		HideSolutionNode = FALSE
	EndGlobalSection
	GlobalSection(ExtensibilityGlobals) = postSolution
		SolutionGuid = {41EBCD97-2256-4CAE-A4B3-629805B7547F}
	EndGlobalSection
EndGlobal
